{
  "name": "bw-board",
  "version": "0.1.0",
  "lockfileVersion": 3,
  "requires": true,
  "packages": {
    "": {
      "name": "bw-board",
      "version": "0.1.0",
      "license": "MIT",
      "dependencies": {
        "avr8js": "github:CrispStrobe/avr8js#feea84c43e36e578841b5fce640202823b69b7f7",
        "rp2040js": "^1.3.3"
      },
      "engines": {
        "node": ">=20"
      }
    },
    "node_modules/avr8js": {
      "version": "0.21.1-bw.1",
      "resolved": "git+ssh://git@github.com/CrispStrobe/avr8js.git#feea84c43e36e578841b5fce640202823b69b7f7",
      "integrity": "sha512-j47AidGJCL2TARLfqmXe+Lq1lEkua83eyOIBsv7TPilLTisZaorZvXTPMEB+BvPUvTZ6k/xnsPzVC8qNcIl6tA==",
      "license": "MIT",
      "engines": {
        "node": ">= 20.19.0",
        "npm": ">= 10.0.0"
      }
    },
    "node_modules/rp2040js": {
      "version": "1.3.3",
      "resolved": "https://registry.npmjs.org/rp2040js/-/rp2040js-1.3.3.tgz",
      "integrity": "sha512-6uE6/Ht8L654aF3fB8HS6ICmywzEq1KN71XZq45RR0BUs9SUitPoy+mySoLEHPso6mu2695RCS1hKnchRlGhMA==",
      "license": "MIT",
      "engines": {
        "node": ">=18.0.0"
      }
    }
  }
}
